
Microsoft Visual Studio Solution File, Format Version 12.00
# Visual Studio Version 17
VisualStudioVersion = 17.12.35527.113
MinimumVisualStudioVersion = 10.0.40219.1
Project("{FAE04EC0-301F-11D3-BF4B-00C04F79EFBC}") = "exo01", "exo01\exo01.csproj", "{97E21A1C-FE5B-4211-A8FB-497A83A45DBE}"
EndProject
Project("{FAE04EC0-301F-11D3-BF4B-00C04F79EFBC}") = "Exo02", "Exo02\Exo02.csproj", "{A2D302F4-E97C-48E2-8418-0FEB346090BF}"
EndProject
Project("{FAE04EC0-301F-11D3-BF4B-00C04F79EFBC}") = "exo03", "exo03\exo03.csproj", "{C6151E45-B028-4A46-90E0-8D6216023E8F}"
EndProject
Project("{FAE04EC0-301F-11D3-BF4B-00C04F79EFBC}") = "exo06", "exo06\exo06.csproj", "{63E0CB2D-92A5-415B-82CF-5E91248A7FF7}"
EndProject
Project("{FAE04EC0-301F-11D3-BF4B-00C04F79EFBC}") = "exo07", "exo07\exo07.csproj", "{BB714512-5DBE-4560-9AC4-78EB53E642B7}"
EndProject
Project("{FAE04EC0-301F-11D3-BF4B-00C04F79EFBC}") = "exo08", "exo08\exo08.csproj", "{5F5FC04B-DFC5-4DE7-B4F8-372EBB27B7FB}"
EndProject
Project("{FAE04EC0-301F-11D3-BF4B-00C04F79EFBC}") = "exo09", "exo09\exo09.csproj", "{419857C9-AF8E-4A05-AF4D-26BF1A374E0B}"
EndProject
Project("{FAE04EC0-301F-11D3-BF4B-00C04F79EFBC}") = "exo10", "exo10\exo10.csproj", "{1FD41EBD-62D7-4D3D-8BE4-18B0999C1DDF}"
EndProject
Project("{FAE04EC0-301F-11D3-BF4B-00C04F79EFBC}") = "exo11", "exo11\exo11.csproj", "{C3921BD5-8344-46FA-A14D-2E004B30E05A}"
EndProject
Project("{FAE04EC0-301F-11D3-BF4B-00C04F79EFBC}") = "exo12", "exo12\exo12.csproj", "{779C7C19-0BD2-4B57-A5C5-20F91828F9FC}"
EndProject
Project("{FAE04EC0-301F-11D3-BF4B-00C04F79EFBC}") = "Exo13", "Exo13\Exo13.csproj", "{A26B2385-B0D5-4387-A230-EA4E5374D1FF}"
EndProject
Project("{FAE04EC0-301F-11D3-BF4B-00C04F79EFBC}") = "exo14", "exo14\exo14.csproj", "{23EBB630-9872-45B3-8236-7325DC87869A}"
EndProject
Project("{FAE04EC0-301F-11D3-BF4B-00C04F79EFBC}") = "exo15", "exo15\exo15.csproj", "{1A6C7ED7-FD3A-4949-BC5A-C75857813374}"
EndProject
Project("{FAE04EC0-301F-11D3-BF4B-00C04F79EFBC}") = "exo16", "exo16\exo16.csproj", "{21254AF5-8E41-4BF2-A887-916FE21B810F}"
EndProject
Project("{FAE04EC0-301F-11D3-BF4B-00C04F79EFBC}") = "exo17", "exo17\exo17.csproj", "{ECC33C77-FA85-41D7-B9AC-22A41C05CAE0}"
EndProject
Project("{FAE04EC0-301F-11D3-BF4B-00C04F79EFBC}") = "exo18", "exo18\exo18.csproj", "{707075A5-E9D4-4581-A701-2ECC4401C30C}"
EndProject
Project("{FAE04EC0-301F-11D3-BF4B-00C04F79EFBC}") = "exo19", "exo19\exo19.csproj", "{D20AE4A0-DA40-42A0-AF91-BE6E2120A6B0}"
EndProject
Project("{FAE04EC0-301F-11D3-BF4B-00C04F79EFBC}") = "exo20", "exo20\exo20.csproj", "{4DBA8978-5731-49A4-8A40-5FEE62DC7CF7}"
EndProject
Project("{FAE04EC0-301F-11D3-BF4B-00C04F79EFBC}") = "exo21", "exo 21\exo21.csproj", "{19A0C190-4751-4E18-BD45-727346B5C70A}"
EndProject
Project("{FAE04EC0-301F-11D3-BF4B-00C04F79EFBC}") = "exo22", "exo22\exo22.csproj", "{17950805-95B6-4071-893B-32184ED31815}"
EndProject
Project("{FAE04EC0-301F-11D3-BF4B-00C04F79EFBC}") = "exo23", "exo23\exo23.csproj", "{ED37FE18-6C0E-4C55-ABD0-94467B1DA6C2}"
EndProject
Project("{FAE04EC0-301F-11D3-BF4B-00C04F79EFBC}") = "exo24", "exo24\exo24.csproj", "{C513AE12-FE35-4A3F-BA3C-74100184E07A}"
EndProject
Project("{FAE04EC0-301F-11D3-BF4B-00C04F79EFBC}") = "exo25", "exo25\exo25.csproj", "{6ACB2EF1-7F47-4E69-A3C6-42E7F5EABA59}"
EndProject
Project("{FAE04EC0-301F-11D3-BF4B-00C04F79EFBC}") = "exo26", "exo26\exo26.csproj", "{BABA012C-3B0F-40C6-B1B4-D1791F66F41F}"
EndProject
Project("{FAE04EC0-301F-11D3-BF4B-00C04F79EFBC}") = "Exo27", "Exo27\Exo27.csproj", "{E0E963B7-4FC3-4D1F-ADB9-ECF7CC65F010}"
EndProject
Project("{FAE04EC0-301F-11D3-BF4B-00C04F79EFBC}") = "Exo28", "Exo28\Exo28.csproj", "{E4AFE54C-D320-48C2-8A36-B68FD6503611}"
EndProject
Project("{FAE04EC0-301F-11D3-BF4B-00C04F79EFBC}") = "Exo29", "Exo29\Exo29.csproj", "{7C00BD6F-A181-47BF-9740-8364EBEE2E6A}"
EndProject
Project("{FAE04EC0-301F-11D3-BF4B-00C04F79EFBC}") = "exo30", "exo30\exo30.csproj", "{36F7DC4A-B76B-485C-9638-97AFA388A63A}"
EndProject
Project("{FAE04EC0-301F-11D3-BF4B-00C04F79EFBC}") = "Exo31", "Exo31\Exo31.csproj", "{DBB44FB1-39C5-4795-92D6-C3E4E1397AF2}"
EndProject
Project("{FAE04EC0-301F-11D3-BF4B-00C04F79EFBC}") = "Exo32", "Exo32\Exo32.csproj", "{49F57BD7-1053-44C5-8D12-1D44D484992C}"
EndProject
Project("{FAE04EC0-301F-11D3-BF4B-00C04F79EFBC}") = "Exo33", "Exo33\Exo33.csproj", "{E279833F-FE06-4F93-A0E7-50CC94379051}"
EndProject
Global
	GlobalSection(SolutionConfigurationPlatforms) = preSolution
		Debug|Any CPU = Debug|Any CPU
		Release|Any CPU = Release|Any CPU
	EndGlobalSection
	GlobalSection(ProjectConfigurationPlatforms) = postSolution
		{97E21A1C-FE5B-4211-A8FB-497A83A45DBE}.Debug|Any CPU.ActiveCfg = Debug|Any CPU
		{97E21A1C-FE5B-4211-A8FB-497A83A45DBE}.Debug|Any CPU.Build.0 = Debug|Any CPU
		{97E21A1C-FE5B-4211-A8FB-497A83A45DBE}.Release|Any CPU.ActiveCfg = Release|Any CPU
		{97E21A1C-FE5B-4211-A8FB-497A83A45DBE}.Release|Any CPU.Build.0 = Release|Any CPU
		{A2D302F4-E97C-48E2-8418-0FEB346090BF}.Debug|Any CPU.ActiveCfg = Debug|Any CPU
		{A2D302F4-E97C-48E2-8418-0FEB346090BF}.Debug|Any CPU.Build.0 = Debug|Any CPU
		{A2D302F4-E97C-48E2-8418-0FEB346090BF}.Release|Any CPU.ActiveCfg = Release|Any CPU
		{A2D302F4-E97C-48E2-8418-0FEB346090BF}.Release|Any CPU.Build.0 = Release|Any CPU
		{C6151E45-B028-4A46-90E0-8D6216023E8F}.Debug|Any CPU.ActiveCfg = Debug|Any CPU
		{C6151E45-B028-4A46-90E0-8D6216023E8F}.Debug|Any CPU.Build.0 = Debug|Any CPU
		{C6151E45-B028-4A46-90E0-8D6216023E8F}.Release|Any CPU.ActiveCfg = Release|Any CPU
		{C6151E45-B028-4A46-90E0-8D6216023E8F}.Release|Any CPU.Build.0 = Release|Any CPU
		{63E0CB2D-92A5-415B-82CF-5E91248A7FF7}.Debug|Any CPU.ActiveCfg = Debug|Any CPU
		{63E0CB2D-92A5-415B-82CF-5E91248A7FF7}.Debug|Any CPU.Build.0 = Debug|Any CPU
		{63E0CB2D-92A5-415B-82CF-5E91248A7FF7}.Release|Any CPU.ActiveCfg = Release|Any CPU
		{63E0CB2D-92A5-415B-82CF-5E91248A7FF7}.Release|Any CPU.Build.0 = Release|Any CPU
		{BB714512-5DBE-4560-9AC4-78EB53E642B7}.Debug|Any CPU.ActiveCfg = Debug|Any CPU
		{BB714512-5DBE-4560-9AC4-78EB53E642B7}.Debug|Any CPU.Build.0 = Debug|Any CPU
		{BB714512-5DBE-4560-9AC4-78EB53E642B7}.Release|Any CPU.ActiveCfg = Release|Any CPU
		{BB714512-5DBE-4560-9AC4-78EB53E642B7}.Release|Any CPU.Build.0 = Release|Any CPU
		{5F5FC04B-DFC5-4DE7-B4F8-372EBB27B7FB}.Debug|Any CPU.ActiveCfg = Debug|Any CPU
		{5F5FC04B-DFC5-4DE7-B4F8-372EBB27B7FB}.Debug|Any CPU.Build.0 = Debug|Any CPU
		{5F5FC04B-DFC5-4DE7-B4F8-372EBB27B7FB}.Release|Any CPU.ActiveCfg = Release|Any CPU
		{5F5FC04B-DFC5-4DE7-B4F8-372EBB27B7FB}.Release|Any CPU.Build.0 = Release|Any CPU
		{419857C9-AF8E-4A05-AF4D-26BF1A374E0B}.Debug|Any CPU.ActiveCfg = Debug|Any CPU
		{419857C9-AF8E-4A05-AF4D-26BF1A374E0B}.Debug|Any CPU.Build.0 = Debug|Any CPU
		{419857C9-AF8E-4A05-AF4D-26BF1A374E0B}.Release|Any CPU.ActiveCfg = Release|Any CPU
		{419857C9-AF8E-4A05-AF4D-26BF1A374E0B}.Release|Any CPU.Build.0 = Release|Any CPU
		{1FD41EBD-62D7-4D3D-8BE4-18B0999C1DDF}.Debug|Any CPU.ActiveCfg = Debug|Any CPU
		{1FD41EBD-62D7-4D3D-8BE4-18B0999C1DDF}.Debug|Any CPU.Build.0 = Debug|Any CPU
		{1FD41EBD-62D7-4D3D-8BE4-18B0999C1DDF}.Release|Any CPU.ActiveCfg = Release|Any CPU
		{1FD41EBD-62D7-4D3D-8BE4-18B0999C1DDF}.Release|Any CPU.Build.0 = Release|Any CPU
		{C3921BD5-8344-46FA-A14D-2E004B30E05A}.Debug|Any CPU.ActiveCfg = Debug|Any CPU
		{C3921BD5-8344-46FA-A14D-2E004B30E05A}.Debug|Any CPU.Build.0 = Debug|Any CPU
		{C3921BD5-8344-46FA-A14D-2E004B30E05A}.Release|Any CPU.ActiveCfg = Release|Any CPU
		{C3921BD5-8344-46FA-A14D-2E004B30E05A}.Release|Any CPU.Build.0 = Release|Any CPU
		{779C7C19-0BD2-4B57-A5C5-20F91828F9FC}.Debug|Any CPU.ActiveCfg = Debug|Any CPU
		{779C7C19-0BD2-4B57-A5C5-20F91828F9FC}.Debug|Any CPU.Build.0 = Debug|Any CPU
		{779C7C19-0BD2-4B57-A5C5-20F91828F9FC}.Release|Any CPU.ActiveCfg = Release|Any CPU
		{779C7C19-0BD2-4B57-A5C5-20F91828F9FC}.Release|Any CPU.Build.0 = Release|Any CPU
		{A26B2385-B0D5-4387-A230-EA4E5374D1FF}.Debug|Any CPU.ActiveCfg = Debug|Any CPU
		{A26B2385-B0D5-4387-A230-EA4E5374D1FF}.Debug|Any CPU.Build.0 = Debug|Any CPU
		{A26B2385-B0D5-4387-A230-EA4E5374D1FF}.Release|Any CPU.ActiveCfg = Release|Any CPU
		{A26B2385-B0D5-4387-A230-EA4E5374D1FF}.Release|Any CPU.Build.0 = Release|Any CPU
		{23EBB630-9872-45B3-8236-7325DC87869A}.Debug|Any CPU.ActiveCfg = Debug|Any CPU
		{23EBB630-9872-45B3-8236-7325DC87869A}.Debug|Any CPU.Build.0 = Debug|Any CPU
		{23EBB630-9872-45B3-8236-7325DC87869A}.Release|Any CPU.ActiveCfg = Release|Any CPU
		{23EBB630-9872-45B3-8236-7325DC87869A}.Release|Any CPU.Build.0 = Release|Any CPU
		{1A6C7ED7-FD3A-4949-BC5A-C75857813374}.Debug|Any CPU.ActiveCfg = Debug|Any CPU
		{1A6C7ED7-FD3A-4949-BC5A-C75857813374}.Debug|Any CPU.Build.0 = Debug|Any CPU
		{1A6C7ED7-FD3A-4949-BC5A-C75857813374}.Release|Any CPU.ActiveCfg = Release|Any CPU
		{1A6C7ED7-FD3A-4949-BC5A-C75857813374}.Release|Any CPU.Build.0 = Release|Any CPU
		{21254AF5-8E41-4BF2-A887-916FE21B810F}.Debug|Any CPU.ActiveCfg = Debug|Any CPU
		{21254AF5-8E41-4BF2-A887-916FE21B810F}.Debug|Any CPU.Build.0 = Debug|Any CPU
		{21254AF5-8E41-4BF2-A887-916FE21B810F}.Release|Any CPU.ActiveCfg = Release|Any CPU
		{21254AF5-8E41-4BF2-A887-916FE21B810F}.Release|Any CPU.Build.0 = Release|Any CPU
		{ECC33C77-FA85-41D7-B9AC-22A41C05CAE0}.Debug|Any CPU.ActiveCfg = Debug|Any CPU
		{ECC33C77-FA85-41D7-B9AC-22A41C05CAE0}.Debug|Any CPU.Build.0 = Debug|Any CPU
		{ECC33C77-FA85-41D7-B9AC-22A41C05CAE0}.Release|Any CPU.ActiveCfg = Release|Any CPU
		{ECC33C77-FA85-41D7-B9AC-22A41C05CAE0}.Release|Any CPU.Build.0 = Release|Any CPU
		{707075A5-E9D4-4581-A701-2ECC4401C30C}.Debug|Any CPU.ActiveCfg = Debug|Any CPU
		{707075A5-E9D4-4581-A701-2ECC4401C30C}.Debug|Any CPU.Build.0 = Debug|Any CPU
		{707075A5-E9D4-4581-A701-2ECC4401C30C}.Release|Any CPU.ActiveCfg = Release|Any CPU
		{707075A5-E9D4-4581-A701-2ECC4401C30C}.Release|Any CPU.Build.0 = Release|Any CPU
		{D20AE4A0-DA40-42A0-AF91-BE6E2120A6B0}.Debug|Any CPU.ActiveCfg = Debug|Any CPU
		{D20AE4A0-DA40-42A0-AF91-BE6E2120A6B0}.Debug|Any CPU.Build.0 = Debug|Any CPU
		{D20AE4A0-DA40-42A0-AF91-BE6E2120A6B0}.Release|Any CPU.ActiveCfg = Release|Any CPU
		{D20AE4A0-DA40-42A0-AF91-BE6E2120A6B0}.Release|Any CPU.Build.0 = Release|Any CPU
		{4DBA8978-5731-49A4-8A40-5FEE62DC7CF7}.Debug|Any CPU.ActiveCfg = Debug|Any CPU
		{4DBA8978-5731-49A4-8A40-5FEE62DC7CF7}.Debug|Any CPU.Build.0 = Debug|Any CPU
		{4DBA8978-5731-49A4-8A40-5FEE62DC7CF7}.Release|Any CPU.ActiveCfg = Release|Any CPU
		{4DBA8978-5731-49A4-8A40-5FEE62DC7CF7}.Release|Any CPU.Build.0 = Release|Any CPU
		{19A0C190-4751-4E18-BD45-727346B5C70A}.Debug|Any CPU.ActiveCfg = Debug|Any CPU
		{19A0C190-4751-4E18-BD45-727346B5C70A}.Debug|Any CPU.Build.0 = Debug|Any CPU
		{19A0C190-4751-4E18-BD45-727346B5C70A}.Release|Any CPU.ActiveCfg = Release|Any CPU
		{19A0C190-4751-4E18-BD45-727346B5C70A}.Release|Any CPU.Build.0 = Release|Any CPU
		{17950805-95B6-4071-893B-32184ED31815}.Debug|Any CPU.ActiveCfg = Debug|Any CPU
		{17950805-95B6-4071-893B-32184ED31815}.Debug|Any CPU.Build.0 = Debug|Any CPU
		{17950805-95B6-4071-893B-32184ED31815}.Release|Any CPU.ActiveCfg = Release|Any CPU
		{17950805-95B6-4071-893B-32184ED31815}.Release|Any CPU.Build.0 = Release|Any CPU
		{ED37FE18-6C0E-4C55-ABD0-94467B1DA6C2}.Debug|Any CPU.ActiveCfg = Debug|Any CPU
		{ED37FE18-6C0E-4C55-ABD0-94467B1DA6C2}.Debug|Any CPU.Build.0 = Debug|Any CPU
		{ED37FE18-6C0E-4C55-ABD0-94467B1DA6C2}.Release|Any CPU.ActiveCfg = Release|Any CPU
		{ED37FE18-6C0E-4C55-ABD0-94467B1DA6C2}.Release|Any CPU.Build.0 = Release|Any CPU
		{C513AE12-FE35-4A3F-BA3C-74100184E07A}.Debug|Any CPU.ActiveCfg = Debug|Any CPU
		{C513AE12-FE35-4A3F-BA3C-74100184E07A}.Debug|Any CPU.Build.0 = Debug|Any CPU
		{C513AE12-FE35-4A3F-BA3C-74100184E07A}.Release|Any CPU.ActiveCfg = Release|Any CPU
		{C513AE12-FE35-4A3F-BA3C-74100184E07A}.Release|Any CPU.Build.0 = Release|Any CPU
		{6ACB2EF1-7F47-4E69-A3C6-42E7F5EABA59}.Debug|Any CPU.ActiveCfg = Debug|Any CPU
		{6ACB2EF1-7F47-4E69-A3C6-42E7F5EABA59}.Debug|Any CPU.Build.0 = Debug|Any CPU
		{6ACB2EF1-7F47-4E69-A3C6-42E7F5EABA59}.Release|Any CPU.ActiveCfg = Release|Any CPU
		{6ACB2EF1-7F47-4E69-A3C6-42E7F5EABA59}.Release|Any CPU.Build.0 = Release|Any CPU
		{BABA012C-3B0F-40C6-B1B4-D1791F66F41F}.Debug|Any CPU.ActiveCfg = Debug|Any CPU
		{BABA012C-3B0F-40C6-B1B4-D1791F66F41F}.Debug|Any CPU.Build.0 = Debug|Any CPU
		{BABA012C-3B0F-40C6-B1B4-D1791F66F41F}.Release|Any CPU.ActiveCfg = Release|Any CPU
		{BABA012C-3B0F-40C6-B1B4-D1791F66F41F}.Release|Any CPU.Build.0 = Release|Any CPU
		{E0E963B7-4FC3-4D1F-ADB9-ECF7CC65F010}.Debug|Any CPU.ActiveCfg = Debug|Any CPU
		{E0E963B7-4FC3-4D1F-ADB9-ECF7CC65F010}.Debug|Any CPU.Build.0 = Debug|Any CPU
		{E0E963B7-4FC3-4D1F-ADB9-ECF7CC65F010}.Release|Any CPU.ActiveCfg = Release|Any CPU
		{E0E963B7-4FC3-4D1F-ADB9-ECF7CC65F010}.Release|Any CPU.Build.0 = Release|Any CPU
		{E4AFE54C-D320-48C2-8A36-B68FD6503611}.Debug|Any CPU.ActiveCfg = Debug|Any CPU
		{E4AFE54C-D320-48C2-8A36-B68FD6503611}.Debug|Any CPU.Build.0 = Debug|Any CPU
		{E4AFE54C-D320-48C2-8A36-B68FD6503611}.Release|Any CPU.ActiveCfg = Release|Any CPU
		{E4AFE54C-D320-48C2-8A36-B68FD6503611}.Release|Any CPU.Build.0 = Release|Any CPU
		{7C00BD6F-A181-47BF-9740-8364EBEE2E6A}.Debug|Any CPU.ActiveCfg = Debug|Any CPU
		{7C00BD6F-A181-47BF-9740-8364EBEE2E6A}.Debug|Any CPU.Build.0 = Debug|Any CPU
		{7C00BD6F-A181-47BF-9740-8364EBEE2E6A}.Release|Any CPU.ActiveCfg = Release|Any CPU
		{7C00BD6F-A181-47BF-9740-8364EBEE2E6A}.Release|Any CPU.Build.0 = Release|Any CPU
		{36F7DC4A-B76B-485C-9638-97AFA388A63A}.Debug|Any CPU.ActiveCfg = Debug|Any CPU
		{36F7DC4A-B76B-485C-9638-97AFA388A63A}.Debug|Any CPU.Build.0 = Debug|Any CPU
		{36F7DC4A-B76B-485C-9638-97AFA388A63A}.Release|Any CPU.ActiveCfg = Release|Any CPU
		{36F7DC4A-B76B-485C-9638-97AFA388A63A}.Release|Any CPU.Build.0 = Release|Any CPU
		{DBB44FB1-39C5-4795-92D6-C3E4E1397AF2}.Debug|Any CPU.ActiveCfg = Debug|Any CPU
		{DBB44FB1-39C5-4795-92D6-C3E4E1397AF2}.Debug|Any CPU.Build.0 = Debug|Any CPU
		{DBB44FB1-39C5-4795-92D6-C3E4E1397AF2}.Release|Any CPU.ActiveCfg = Release|Any CPU
		{DBB44FB1-39C5-4795-92D6-C3E4E1397AF2}.Release|Any CPU.Build.0 = Release|Any CPU
		{49F57BD7-1053-44C5-8D12-1D44D484992C}.Debug|Any CPU.ActiveCfg = Debug|Any CPU
		{49F57BD7-1053-44C5-8D12-1D44D484992C}.Debug|Any CPU.Build.0 = Debug|Any CPU
		{49F57BD7-1053-44C5-8D12-1D44D484992C}.Release|Any CPU.ActiveCfg = Release|Any CPU
		{49F57BD7-1053-44C5-8D12-1D44D484992C}.Release|Any CPU.Build.0 = Release|Any CPU
		{E279833F-FE06-4F93-A0E7-50CC94379051}.Debug|Any CPU.ActiveCfg = Debug|Any CPU
		{E279833F-FE06-4F93-A0E7-50CC94379051}.Debug|Any CPU.Build.0 = Debug|Any CPU
		{E279833F-FE06-4F93-A0E7-50CC94379051}.Release|Any CPU.ActiveCfg = Release|Any CPU
		{E279833F-FE06-4F93-A0E7-50CC94379051}.Release|Any CPU.Build.0 = Release|Any CPU
	EndGlobalSection
	GlobalSection(SolutionProperties) = preSolution
		HideSolutionNode = FALSE
	EndGlobalSection
EndGlobal
